
Microsoft Visual Studio Solution File, Format Version 12.00
# Visual Studio Version 16
VisualStudioVersion = 16.0.29409.12
MinimumVisualStudioVersion = 10.0.40219.1
Project("{FAE04EC0-301F-11D3-BF4B-00C04F79EFBC}") = "SalesWebMvc", "SalesWebMvc\SalesWebMvc.csproj", "{3FA88F6B-5B71-401A-BF22-34621E8C988F}"
EndProject
Global
	GlobalSection(SolutionConfigurationPlatforms) = preSolution
		Debug|Any CPU = Debug|Any CPU
		Release|Any CPU = Release|Any CPU
	EndGlobalSection
	GlobalSection(ProjectConfigurationPlatforms) = postSolution
		{3FA88F6B-5B71-401A-BF22-34621E8C988F}.Debug|Any CPU.ActiveCfg = Debug|Any CPU
		{3FA88F6B-5B71-401A-BF22-34621E8C988F}.Debug|Any CPU.Build.0 = Debug|Any CPU
		{3FA88F6B-5B71-401A-BF22-34621E8C988F}.Release|Any CPU.ActiveCfg = Release|Any CPU
		{3FA88F6B-5B71-401A-BF22-34621E8C988F}.Release|Any CPU.Build.0 = Release|Any CPU
	EndGlobalSection
	GlobalSection(SolutionProperties) = preSolution
		HideSolutionNode = FALSE
	EndGlobalSection
	GlobalSection(ExtensibilityGlobals) = postSolution
		SolutionGuid = {0F1830EA-D8C4-4410-9C52-B6C67C1E878D}
	EndGlobalSection
EndGlobal
